
Microsoft Visual Studio Solution File, Format Version 12.00
# Visual Studio Version 17
Project("{2150E333-8FDC-42A3-9474-1A3956D46DE8}") = "CMakePredefinedTargets", "CMakePredefinedTargets", "{2C33D4DD-5A23-3BF0-885C-2151ED038F66}"
EndProject
Project("{8BC9CEB8-8B4A-11D0-8D11-00A0C91BC942}") = "ALL_BUILD", "ALL_BUILD.vcxproj", "{16895625-F029-3FA9-A03A-F698830980C8}"
	ProjectSection(ProjectDependencies) = postProject
		{CB8E3805-CAD0-319B-BD68-3944A485F0AE} = {CB8E3805-CAD0-319B-BD68-3944A485F0AE}
	EndProjectSection
EndProject
Project("{8BC9CEB8-8B4A-11D0-8D11-00A0C91BC942}") = "ZERO_CHECK", "ZERO_CHECK.vcxproj", "{CB8E3805-CAD0-319B-BD68-3944A485F0AE}"
	ProjectSection(ProjectDependencies) = postProject
	EndProjectSection
EndProject
Global
	GlobalSection(SolutionConfigurationPlatforms) = preSolution
		Debug|x64 = Debug|x64
		Release|x64 = Release|x64
		MinSizeRel|x64 = MinSizeRel|x64
		RelWithDebInfo|x64 = RelWithDebInfo|x64
	EndGlobalSection
	GlobalSection(ProjectConfigurationPlatforms) = postSolution
		{16895625-F029-3FA9-A03A-F698830980C8}.Debug|x64.ActiveCfg = Debug|x64
		{16895625-F029-3FA9-A03A-F698830980C8}.Release|x64.ActiveCfg = Release|x64
		{16895625-F029-3FA9-A03A-F698830980C8}.MinSizeRel|x64.ActiveCfg = MinSizeRel|x64
		{16895625-F029-3FA9-A03A-F698830980C8}.RelWithDebInfo|x64.ActiveCfg = RelWithDebInfo|x64
		{CB8E3805-CAD0-319B-BD68-3944A485F0AE}.Debug|x64.ActiveCfg = Debug|x64
		{CB8E3805-CAD0-319B-BD68-3944A485F0AE}.Debug|x64.Build.0 = Debug|x64
		{CB8E3805-CAD0-319B-BD68-3944A485F0AE}.Release|x64.ActiveCfg = Release|x64
		{CB8E3805-CAD0-319B-BD68-3944A485F0AE}.Release|x64.Build.0 = Release|x64
		{CB8E3805-CAD0-319B-BD68-3944A485F0AE}.MinSizeRel|x64.ActiveCfg = MinSizeRel|x64
		{CB8E3805-CAD0-319B-BD68-3944A485F0AE}.MinSizeRel|x64.Build.0 = MinSizeRel|x64
		{CB8E3805-CAD0-319B-BD68-3944A485F0AE}.RelWithDebInfo|x64.ActiveCfg = RelWithDebInfo|x64
		{CB8E3805-CAD0-319B-BD68-3944A485F0AE}.RelWithDebInfo|x64.Build.0 = RelWithDebInfo|x64
	EndGlobalSection
	GlobalSection(NestedProjects) = preSolution
		{16895625-F029-3FA9-A03A-F698830980C8} = {2C33D4DD-5A23-3BF0-885C-2151ED038F66}
		{CB8E3805-CAD0-319B-BD68-3944A485F0AE} = {2C33D4DD-5A23-3BF0-885C-2151ED038F66}
	EndGlobalSection
	GlobalSection(ExtensibilityGlobals) = postSolution
		SolutionGuid = {76557293-A6C5-3DC4-A8A7-1B7633AF25B9}
	EndGlobalSection
	GlobalSection(ExtensibilityAddIns) = postSolution
	EndGlobalSection
EndGlobal
